
Microsoft Visual Studio Solution File, Format Version 12.00
# Visual Studio Version 17
VisualStudioVersion = 17.11.35327.3
MinimumVisualStudioVersion = 10.0.40219.1
Project("{2150E333-8FDC-42A3-9474-1A3956D46DE8}") = "LV1", "LV1", "{11D152D7-9E73-45A9-93E7-F2810F85E2BD}"
	ProjectSection(SolutionItems) = preProject
		LV1_README.md = LV1_README.md
	EndProjectSection
EndProject
Project("{8BC9CEB8-8B4A-11D0-8D11-00A0C91BC942}") = "UW1", "UW1\UW1.vcxproj", "{1E6668A0-F17A-456E-8B4F-1C22D3EEE362}"
EndProject
Project("{8BC9CEB8-8B4A-11D0-8D11-00A0C91BC942}") = "UW2", "UW2\UW2.vcxproj", "{3F6012FF-1EF4-4FFB-ACD6-97A6616D4B82}"
EndProject
Project("{8BC9CEB8-8B4A-11D0-8D11-00A0C91BC942}") = "W1", "W1\W1.vcxproj", "{6C58C39A-A9CE-43B6-99E3-C2AFA659BFE9}"
EndProject
Project("{8BC9CEB8-8B4A-11D0-8D11-00A0C91BC942}") = "W2", "W2\W2.vcxproj", "{EF37E7CF-A779-4B80-9A14-FC3A2262457E}"
EndProject
Project("{8BC9CEB8-8B4A-11D0-8D11-00A0C91BC942}") = "W3", "W3\W3.vcxproj", "{28D3CD00-F738-4002-A409-F4A5612B0729}"
EndProject
Project("{2150E333-8FDC-42A3-9474-1A3956D46DE8}") = "LV2", "LV2", "{26F4E122-27C6-420D-90FF-56A803E8B382}"
EndProject
Project("{8BC9CEB8-8B4A-11D0-8D11-00A0C91BC942}") = "LV2_UW1", "LV2_UW1\LV2_UW1.vcxproj", "{B4370344-E751-4247-8D18-6AA3B2C03313}"
EndProject
Global
	GlobalSection(SolutionConfigurationPlatforms) = preSolution
		Debug|x64 = Debug|x64
		Debug|x86 = Debug|x86
		Release|x64 = Release|x64
		Release|x86 = Release|x86
	EndGlobalSection
	GlobalSection(ProjectConfigurationPlatforms) = postSolution
		{1E6668A0-F17A-456E-8B4F-1C22D3EEE362}.Debug|x64.ActiveCfg = Debug|x64
		{1E6668A0-F17A-456E-8B4F-1C22D3EEE362}.Debug|x64.Build.0 = Debug|x64
		{1E6668A0-F17A-456E-8B4F-1C22D3EEE362}.Debug|x86.ActiveCfg = Debug|Win32
		{1E6668A0-F17A-456E-8B4F-1C22D3EEE362}.Debug|x86.Build.0 = Debug|Win32
		{1E6668A0-F17A-456E-8B4F-1C22D3EEE362}.Release|x64.ActiveCfg = Release|x64
		{1E6668A0-F17A-456E-8B4F-1C22D3EEE362}.Release|x64.Build.0 = Release|x64
		{1E6668A0-F17A-456E-8B4F-1C22D3EEE362}.Release|x86.ActiveCfg = Release|Win32
		{1E6668A0-F17A-456E-8B4F-1C22D3EEE362}.Release|x86.Build.0 = Release|Win32
		{3F6012FF-1EF4-4FFB-ACD6-97A6616D4B82}.Debug|x64.ActiveCfg = Debug|x64
		{3F6012FF-1EF4-4FFB-ACD6-97A6616D4B82}.Debug|x64.Build.0 = Debug|x64
		{3F6012FF-1EF4-4FFB-ACD6-97A6616D4B82}.Debug|x86.ActiveCfg = Debug|Win32
		{3F6012FF-1EF4-4FFB-ACD6-97A6616D4B82}.Debug|x86.Build.0 = Debug|Win32
		{3F6012FF-1EF4-4FFB-ACD6-97A6616D4B82}.Release|x64.ActiveCfg = Release|x64
		{3F6012FF-1EF4-4FFB-ACD6-97A6616D4B82}.Release|x64.Build.0 = Release|x64
		{3F6012FF-1EF4-4FFB-ACD6-97A6616D4B82}.Release|x86.ActiveCfg = Release|Win32
		{3F6012FF-1EF4-4FFB-ACD6-97A6616D4B82}.Release|x86.Build.0 = Release|Win32
		{6C58C39A-A9CE-43B6-99E3-C2AFA659BFE9}.Debug|x64.ActiveCfg = Debug|x64
		{6C58C39A-A9CE-43B6-99E3-C2AFA659BFE9}.Debug|x64.Build.0 = Debug|x64
		{6C58C39A-A9CE-43B6-99E3-C2AFA659BFE9}.Debug|x86.ActiveCfg = Debug|Win32
		{6C58C39A-A9CE-43B6-99E3-C2AFA659BFE9}.Debug|x86.Build.0 = Debug|Win32
		{6C58C39A-A9CE-43B6-99E3-C2AFA659BFE9}.Release|x64.ActiveCfg = Release|x64
		{6C58C39A-A9CE-43B6-99E3-C2AFA659BFE9}.Release|x64.Build.0 = Release|x64
		{6C58C39A-A9CE-43B6-99E3-C2AFA659BFE9}.Release|x86.ActiveCfg = Release|Win32
		{6C58C39A-A9CE-43B6-99E3-C2AFA659BFE9}.Release|x86.Build.0 = Release|Win32
		{EF37E7CF-A779-4B80-9A14-FC3A2262457E}.Debug|x64.ActiveCfg = Debug|x64
		{EF37E7CF-A779-4B80-9A14-FC3A2262457E}.Debug|x64.Build.0 = Debug|x64
		{EF37E7CF-A779-4B80-9A14-FC3A2262457E}.Debug|x86.ActiveCfg = Debug|Win32
		{EF37E7CF-A779-4B80-9A14-FC3A2262457E}.Debug|x86.Build.0 = Debug|Win32
		{EF37E7CF-A779-4B80-9A14-FC3A2262457E}.Release|x64.ActiveCfg = Release|x64
		{EF37E7CF-A779-4B80-9A14-FC3A2262457E}.Release|x64.Build.0 = Release|x64
		{EF37E7CF-A779-4B80-9A14-FC3A2262457E}.Release|x86.ActiveCfg = Release|Win32
		{EF37E7CF-A779-4B80-9A14-FC3A2262457E}.Release|x86.Build.0 = Release|Win32
		{28D3CD00-F738-4002-A409-F4A5612B0729}.Debug|x64.ActiveCfg = Debug|x64
		{28D3CD00-F738-4002-A409-F4A5612B0729}.Debug|x64.Build.0 = Debug|x64
		{28D3CD00-F738-4002-A409-F4A5612B0729}.Debug|x86.ActiveCfg = Debug|Win32
		{28D3CD00-F738-4002-A409-F4A5612B0729}.Debug|x86.Build.0 = Debug|Win32
		{28D3CD00-F738-4002-A409-F4A5612B0729}.Release|x64.ActiveCfg = Release|x64
		{28D3CD00-F738-4002-A409-F4A5612B0729}.Release|x64.Build.0 = Release|x64
		{28D3CD00-F738-4002-A409-F4A5612B0729}.Release|x86.ActiveCfg = Release|Win32
		{28D3CD00-F738-4002-A409-F4A5612B0729}.Release|x86.Build.0 = Release|Win32
		{B4370344-E751-4247-8D18-6AA3B2C03313}.Debug|x64.ActiveCfg = Debug|x64
		{B4370344-E751-4247-8D18-6AA3B2C03313}.Debug|x64.Build.0 = Debug|x64
		{B4370344-E751-4247-8D18-6AA3B2C03313}.Debug|x86.ActiveCfg = Debug|Win32
		{B4370344-E751-4247-8D18-6AA3B2C03313}.Debug|x86.Build.0 = Debug|Win32
		{B4370344-E751-4247-8D18-6AA3B2C03313}.Release|x64.ActiveCfg = Release|x64
		{B4370344-E751-4247-8D18-6AA3B2C03313}.Release|x64.Build.0 = Release|x64
		{B4370344-E751-4247-8D18-6AA3B2C03313}.Release|x86.ActiveCfg = Release|Win32
		{B4370344-E751-4247-8D18-6AA3B2C03313}.Release|x86.Build.0 = Release|Win32
	EndGlobalSection
	GlobalSection(SolutionProperties) = preSolution
		HideSolutionNode = FALSE
	EndGlobalSection
	GlobalSection(NestedProjects) = preSolution
		{1E6668A0-F17A-456E-8B4F-1C22D3EEE362} = {11D152D7-9E73-45A9-93E7-F2810F85E2BD}
		{3F6012FF-1EF4-4FFB-ACD6-97A6616D4B82} = {11D152D7-9E73-45A9-93E7-F2810F85E2BD}
		{6C58C39A-A9CE-43B6-99E3-C2AFA659BFE9} = {11D152D7-9E73-45A9-93E7-F2810F85E2BD}
		{EF37E7CF-A779-4B80-9A14-FC3A2262457E} = {11D152D7-9E73-45A9-93E7-F2810F85E2BD}
		{28D3CD00-F738-4002-A409-F4A5612B0729} = {11D152D7-9E73-45A9-93E7-F2810F85E2BD}
		{B4370344-E751-4247-8D18-6AA3B2C03313} = {26F4E122-27C6-420D-90FF-56A803E8B382}
	EndGlobalSection
	GlobalSection(ExtensibilityGlobals) = postSolution
		SolutionGuid = {4884EAA4-7493-4399-8B23-585AB5C3A938}
	EndGlobalSection
EndGlobal
